
Microsoft Visual Studio Solution File, Format Version 12.00
# Visual Studio Version 17
VisualStudioVersion = 17.3.32929.385
MinimumVisualStudioVersion = 10.0.40219.1
Project("{FAE04EC0-301F-11D3-BF4B-00C04F79EFBC}") = "ConsoleApp18", "ConsoleApp18\ConsoleApp18.csproj", "{ABE4A5E7-8D13-48FB-9102-F9537350130F}"
EndProject
Global
	GlobalSection(SolutionConfigurationPlatforms) = preSolution
		Debug|Any CPU = Debug|Any CPU
		Release|Any CPU = Release|Any CPU
	EndGlobalSection
	GlobalSection(ProjectConfigurationPlatforms) = postSolution
		{ABE4A5E7-8D13-48FB-9102-F9537350130F}.Debug|Any CPU.ActiveCfg = Debug|Any CPU
		{ABE4A5E7-8D13-48FB-9102-F9537350130F}.Debug|Any CPU.Build.0 = Debug|Any CPU
		{ABE4A5E7-8D13-48FB-9102-F9537350130F}.Release|Any CPU.ActiveCfg = Release|Any CPU
		{ABE4A5E7-8D13-48FB-9102-F9537350130F}.Release|Any CPU.Build.0 = Release|Any CPU
	EndGlobalSection
	GlobalSection(SolutionProperties) = preSolution
		HideSolutionNode = FALSE
	EndGlobalSection
	GlobalSection(ExtensibilityGlobals) = postSolution
		SolutionGuid = {2D3B2043-D251-42B4-8C88-FF8C007963DE}
	EndGlobalSection
EndGlobal
